
Microsoft Visual Studio Solution File, Format Version 12.00
# Visual Studio 15
VisualStudioVersion = 15.0.27703.2047
MinimumVisualStudioVersion = 10.0.40219.1
Project("{FAE04EC0-301F-11D3-BF4B-00C04F79EFBC}") = "MailingService", "MailingService\MailingService.csproj", "{D577993D-16CB-473B-BD88-B776E55DB9D6}"
EndProject
Project("{54435603-DBB4-11D2-8724-00A0C9A8B90C}") = "SetupProject", "SetupProject\SetupProject.vdproj", "{9EE61784-0337-49C5-A180-9491A3375C9C}"
EndProject
Global
	GlobalSection(SolutionConfigurationPlatforms) = preSolution
		Debug|Any CPU = Debug|Any CPU
		Release|Any CPU = Release|Any CPU
	EndGlobalSection
	GlobalSection(ProjectConfigurationPlatforms) = postSolution
		{D577993D-16CB-473B-BD88-B776E55DB9D6}.Debug|Any CPU.ActiveCfg = Debug|Any CPU
		{D577993D-16CB-473B-BD88-B776E55DB9D6}.Debug|Any CPU.Build.0 = Debug|Any CPU
		{D577993D-16CB-473B-BD88-B776E55DB9D6}.Release|Any CPU.ActiveCfg = Release|Any CPU
		{D577993D-16CB-473B-BD88-B776E55DB9D6}.Release|Any CPU.Build.0 = Release|Any CPU
		{9EE61784-0337-49C5-A180-9491A3375C9C}.Debug|Any CPU.ActiveCfg = Debug
		{9EE61784-0337-49C5-A180-9491A3375C9C}.Release|Any CPU.ActiveCfg = Release
	EndGlobalSection
	GlobalSection(SolutionProperties) = preSolution
		HideSolutionNode = FALSE
	EndGlobalSection
	GlobalSection(ExtensibilityGlobals) = postSolution
		SolutionGuid = {AF93CC54-856F-4BF2-9828-AD95D0F0134C}
	EndGlobalSection
EndGlobal
