
Microsoft Visual Studio Solution File, Format Version 12.00
# Visual Studio 15
VisualStudioVersion = 15.0.27703.2042
MinimumVisualStudioVersion = 10.0.40219.1
Project("{FAE04EC0-301F-11D3-BF4B-00C04F79EFBC}") = "03_UIL", "WebApi\03_UIL.csproj", "{81DAC842-E008-48C6-847A-39F28636D8F2}"
EndProject
Project("{FAE04EC0-301F-11D3-BF4B-00C04F79EFBC}") = "00_DAL", "00_DAL\00_DAL.csproj", "{56EB58F3-BDA2-4E8A-9165-B8445B6843F9}"
EndProject
Project("{FAE04EC0-301F-11D3-BF4B-00C04F79EFBC}") = "01_BOL", "01_BOL\01_BOL.csproj", "{B3E45753-5341-4C1A-BB8D-B4F32467E005}"
EndProject
Project("{FAE04EC0-301F-11D3-BF4B-00C04F79EFBC}") = "02_BLL", "02_BLL\02_BLL.csproj", "{5A063EFB-F1B5-4D01-9A5A-F61E4C95B272}"
EndProject
Global
	GlobalSection(SolutionConfigurationPlatforms) = preSolution
		Debug|Any CPU = Debug|Any CPU
		Release|Any CPU = Release|Any CPU
	EndGlobalSection
	GlobalSection(ProjectConfigurationPlatforms) = postSolution
		{81DAC842-E008-48C6-847A-39F28636D8F2}.Debug|Any CPU.ActiveCfg = Debug|Any CPU
		{81DAC842-E008-48C6-847A-39F28636D8F2}.Debug|Any CPU.Build.0 = Debug|Any CPU
		{81DAC842-E008-48C6-847A-39F28636D8F2}.Release|Any CPU.ActiveCfg = Release|Any CPU
		{81DAC842-E008-48C6-847A-39F28636D8F2}.Release|Any CPU.Build.0 = Release|Any CPU
		{56EB58F3-BDA2-4E8A-9165-B8445B6843F9}.Debug|Any CPU.ActiveCfg = Debug|Any CPU
		{56EB58F3-BDA2-4E8A-9165-B8445B6843F9}.Debug|Any CPU.Build.0 = Debug|Any CPU
		{56EB58F3-BDA2-4E8A-9165-B8445B6843F9}.Release|Any CPU.ActiveCfg = Release|Any CPU
		{56EB58F3-BDA2-4E8A-9165-B8445B6843F9}.Release|Any CPU.Build.0 = Release|Any CPU
		{B3E45753-5341-4C1A-BB8D-B4F32467E005}.Debug|Any CPU.ActiveCfg = Debug|Any CPU
		{B3E45753-5341-4C1A-BB8D-B4F32467E005}.Debug|Any CPU.Build.0 = Debug|Any CPU
		{B3E45753-5341-4C1A-BB8D-B4F32467E005}.Release|Any CPU.ActiveCfg = Release|Any CPU
		{B3E45753-5341-4C1A-BB8D-B4F32467E005}.Release|Any CPU.Build.0 = Release|Any CPU
		{5A063EFB-F1B5-4D01-9A5A-F61E4C95B272}.Debug|Any CPU.ActiveCfg = Debug|Any CPU
		{5A063EFB-F1B5-4D01-9A5A-F61E4C95B272}.Debug|Any CPU.Build.0 = Debug|Any CPU
		{5A063EFB-F1B5-4D01-9A5A-F61E4C95B272}.Release|Any CPU.ActiveCfg = Release|Any CPU
		{5A063EFB-F1B5-4D01-9A5A-F61E4C95B272}.Release|Any CPU.Build.0 = Release|Any CPU
	EndGlobalSection
	GlobalSection(SolutionProperties) = preSolution
		HideSolutionNode = FALSE
	EndGlobalSection
	GlobalSection(ExtensibilityGlobals) = postSolution
		SolutionGuid = {A87164BD-2641-447C-82BB-6E435846ECFC}
	EndGlobalSection
EndGlobal
